
Microsoft Visual Studio Solution File, Format Version 12.00
# Visual Studio Version 17
VisualStudioVersion = 17.9.34728.123
MinimumVisualStudioVersion = 10.0.40219.1
Project("{9A19103F-16F7-4668-BE54-9A1E7A4F7556}") = "Agah", "Agah\Agah.csproj", "{41E2E210-AE1D-4B8F-B3B2-1FFE3CC16EAC}"
EndProject
Project("{9A19103F-16F7-4668-BE54-9A1E7A4F7556}") = "Datalayer", "Datalayer\Datalayer.csproj", "{DE697B74-74A7-48B9-A09B-AD4989BEE151}"
EndProject
Project("{FAE04EC0-301F-11D3-BF4B-00C04F79EFBC}") = "TestLayer", "TestLayer\TestLayer.csproj", "{91069F18-7370-456C-A0AB-2C9AF6BF6149}"
EndProject
Global
	GlobalSection(SolutionConfigurationPlatforms) = preSolution
		Debug|Any CPU = Debug|Any CPU
		Release|Any CPU = Release|Any CPU
	EndGlobalSection
	GlobalSection(ProjectConfigurationPlatforms) = postSolution
		{41E2E210-AE1D-4B8F-B3B2-1FFE3CC16EAC}.Debug|Any CPU.ActiveCfg = Debug|Any CPU
		{41E2E210-AE1D-4B8F-B3B2-1FFE3CC16EAC}.Debug|Any CPU.Build.0 = Debug|Any CPU
		{41E2E210-AE1D-4B8F-B3B2-1FFE3CC16EAC}.Release|Any CPU.ActiveCfg = Release|Any CPU
		{41E2E210-AE1D-4B8F-B3B2-1FFE3CC16EAC}.Release|Any CPU.Build.0 = Release|Any CPU
		{DE697B74-74A7-48B9-A09B-AD4989BEE151}.Debug|Any CPU.ActiveCfg = Debug|Any CPU
		{DE697B74-74A7-48B9-A09B-AD4989BEE151}.Debug|Any CPU.Build.0 = Debug|Any CPU
		{DE697B74-74A7-48B9-A09B-AD4989BEE151}.Release|Any CPU.ActiveCfg = Release|Any CPU
		{DE697B74-74A7-48B9-A09B-AD4989BEE151}.Release|Any CPU.Build.0 = Release|Any CPU
		{91069F18-7370-456C-A0AB-2C9AF6BF6149}.Debug|Any CPU.ActiveCfg = Debug|Any CPU
		{91069F18-7370-456C-A0AB-2C9AF6BF6149}.Debug|Any CPU.Build.0 = Debug|Any CPU
		{91069F18-7370-456C-A0AB-2C9AF6BF6149}.Release|Any CPU.ActiveCfg = Release|Any CPU
		{91069F18-7370-456C-A0AB-2C9AF6BF6149}.Release|Any CPU.Build.0 = Release|Any CPU
	EndGlobalSection
	GlobalSection(SolutionProperties) = preSolution
		HideSolutionNode = FALSE
	EndGlobalSection
	GlobalSection(ExtensibilityGlobals) = postSolution
		SolutionGuid = {15C70EED-1CB5-40AC-89AC-0AB2CF420F89}
	EndGlobalSection
EndGlobal
